
Microsoft Visual Studio Solution File, Format Version 12.00
# Visual Studio Version 17
VisualStudioVersion = 17.13.35617.110
MinimumVisualStudioVersion = 10.0.40219.1
Project("{FAE04EC0-301F-11D3-BF4B-00C04F79EFBC}") = "MyFinancialCrm", "MyFinancialCrm\MyFinancialCrm.csproj", "{022AC275-25EC-4FF3-9607-FEAE976246D8}"
EndProject
Project("{2150E333-8FDC-42A3-9474-1A3956D46DE8}") = "Çözüm Öğeleri", "Çözüm Öğeleri", "{AC80F682-3D55-C8F8-4895-A4A9EDD49434}"
	ProjectSection(SolutionItems) = preProject
		README.md = README.md
	EndProjectSection
EndProject
Global
	GlobalSection(SolutionConfigurationPlatforms) = preSolution
		Debug|Any CPU = Debug|Any CPU
		Release|Any CPU = Release|Any CPU
	EndGlobalSection
	GlobalSection(ProjectConfigurationPlatforms) = postSolution
		{022AC275-25EC-4FF3-9607-FEAE976246D8}.Debug|Any CPU.ActiveCfg = Debug|Any CPU
		{022AC275-25EC-4FF3-9607-FEAE976246D8}.Debug|Any CPU.Build.0 = Debug|Any CPU
		{022AC275-25EC-4FF3-9607-FEAE976246D8}.Release|Any CPU.ActiveCfg = Release|Any CPU
		{022AC275-25EC-4FF3-9607-FEAE976246D8}.Release|Any CPU.Build.0 = Release|Any CPU
	EndGlobalSection
	GlobalSection(SolutionProperties) = preSolution
		HideSolutionNode = FALSE
	EndGlobalSection
	GlobalSection(ExtensibilityGlobals) = postSolution
		SolutionGuid = {14EB3CF5-51CB-4F62-852C-1F853EF96DAB}
	EndGlobalSection
EndGlobal
